
Microsoft Visual Studio Solution File, Format Version 12.00
Project("{FAE04EC0-301F-11D3-BF4B-00C04F79EFBC}") = "PropertyGrid.Avalonia", "PropertyGrid.Avalonia\PropertyGrid.Avalonia\PropertyGrid.Avalonia.csproj", "{AA3912F4-F58E-423C-B86F-2BA5D1D41158}"
EndProject
Project("{2150E333-8FDC-42A3-9474-1A3956D46DE8}") = "Shell", "Shell", "{C1D921F9-092B-4ED2-9123-459B1DDA94FB}"
EndProject
Project("{2150E333-8FDC-42A3-9474-1A3956D46DE8}") = "src", "src", "{FC96BAD9-7DC0-405F-BAA8-8BE6AD752817}"
EndProject
Project("{FAE04EC0-301F-11D3-BF4B-00C04F79EFBC}") = "PropertyGrid", "src\PropertyGrid\PropertyGrid.csproj", "{48A122A6-D436-4F33-9FC8-A96145F3CA25}"
EndProject
Project("{2150E333-8FDC-42A3-9474-1A3956D46DE8}") = "Common", "Common", "{0E9653A6-8343-47F2-BD95-F25DD179EBE7}"
EndProject
Project("{FAE04EC0-301F-11D3-BF4B-00C04F79EFBC}") = "Common.Core", "Common\Common.Core\Common.Core.csproj", "{97587A07-6030-4E8C-93E1-57FFFC1A2827}"
EndProject
Global
	GlobalSection(SolutionConfigurationPlatforms) = preSolution
		Debug|Any CPU = Debug|Any CPU
		Release|Any CPU = Release|Any CPU
	EndGlobalSection
	GlobalSection(ProjectConfigurationPlatforms) = postSolution
		{AA3912F4-F58E-423C-B86F-2BA5D1D41158}.Debug|Any CPU.ActiveCfg = Debug|Any CPU
		{AA3912F4-F58E-423C-B86F-2BA5D1D41158}.Debug|Any CPU.Build.0 = Debug|Any CPU
		{AA3912F4-F58E-423C-B86F-2BA5D1D41158}.Release|Any CPU.ActiveCfg = Release|Any CPU
		{AA3912F4-F58E-423C-B86F-2BA5D1D41158}.Release|Any CPU.Build.0 = Release|Any CPU
		{48A122A6-D436-4F33-9FC8-A96145F3CA25}.Debug|Any CPU.ActiveCfg = Debug|Any CPU
		{48A122A6-D436-4F33-9FC8-A96145F3CA25}.Debug|Any CPU.Build.0 = Debug|Any CPU
		{48A122A6-D436-4F33-9FC8-A96145F3CA25}.Release|Any CPU.ActiveCfg = Release|Any CPU
		{48A122A6-D436-4F33-9FC8-A96145F3CA25}.Release|Any CPU.Build.0 = Release|Any CPU
		{97587A07-6030-4E8C-93E1-57FFFC1A2827}.Debug|Any CPU.ActiveCfg = Debug|Any CPU
		{97587A07-6030-4E8C-93E1-57FFFC1A2827}.Debug|Any CPU.Build.0 = Debug|Any CPU
		{97587A07-6030-4E8C-93E1-57FFFC1A2827}.Release|Any CPU.ActiveCfg = Release|Any CPU
		{97587A07-6030-4E8C-93E1-57FFFC1A2827}.Release|Any CPU.Build.0 = Release|Any CPU
	EndGlobalSection
	GlobalSection(NestedProjects) = preSolution
		{AA3912F4-F58E-423C-B86F-2BA5D1D41158} = {C1D921F9-092B-4ED2-9123-459B1DDA94FB}
		{48A122A6-D436-4F33-9FC8-A96145F3CA25} = {FC96BAD9-7DC0-405F-BAA8-8BE6AD752817}
		{97587A07-6030-4E8C-93E1-57FFFC1A2827} = {0E9653A6-8343-47F2-BD95-F25DD179EBE7}
	EndGlobalSection
EndGlobal
